
Microsoft Visual Studio Solution File, Format Version 12.00
# Visual Studio Version 17
VisualStudioVersion = 17.14.36429.23 d17.14
MinimumVisualStudioVersion = 10.0.40219.1
Project("{FAE04EC0-301F-11D3-BF4B-00C04F79EFBC}") = "Tyuiu.RochevYA.Sprint3.Task0.V1", "Tyuiu.RochevYA.Sprint3.Task0.V1\Tyuiu.RochevYA.Sprint3.Task0.V1.csproj", "{8031225D-825A-4AFC-B62E-9E47DAEE82E8}"
EndProject
Project("{FAE04EC0-301F-11D3-BF4B-00C04F79EFBC}") = "Tyuiu.RochevYA.Sprint3.Task0.V1.Lib", "Tyuiu.RochevYA.Sprint3.Task0.V1.Lib\Tyuiu.RochevYA.Sprint3.Task0.V1.Lib.csproj", "{23BEECC3-0260-4A01-886F-77A596466BC7}"
EndProject
Project("{FAE04EC0-301F-11D3-BF4B-00C04F79EFBC}") = "Tyuiu.RochevYA.Sprint3.Task0.V1.Test", "Tyuiu.RochevYA.Sprint3.Task0.V1.Test\Tyuiu.RochevYA.Sprint3.Task0.V1.Test.csproj", "{A66864F4-6D64-404C-8726-23A91A5B6560}"
EndProject
Project("{FAE04EC0-301F-11D3-BF4B-00C04F79EFBC}") = "Tyuiu.RochevYA.Sprint3.Task1.V22", "Tyuiu.RochevYA.Sprint3.Task1.V22\Tyuiu.RochevYA.Sprint3.Task1.V22.csproj", "{1BDB8648-252C-4C6B-9E57-512B1C6B6EFA}"
EndProject
Project("{FAE04EC0-301F-11D3-BF4B-00C04F79EFBC}") = "Tyuiu.RochevYA.Sprint3.Task1.V22.Lib", "Tyuiu.RochevYA.Sprint3.Task1.V22.Lib\Tyuiu.RochevYA.Sprint3.Task1.V22.Lib.csproj", "{FB163543-E2AF-46EC-95B0-3831A445D996}"
EndProject
Project("{FAE04EC0-301F-11D3-BF4B-00C04F79EFBC}") = "Tyuiu.RochevYA.Sprint3.Task1.V22.Test", "Tyuiu.RochevYA.Sprint3.Task1.V22.Test\Tyuiu.RochevYA.Sprint3.Task1.V22.Test.csproj", "{6D8BBB39-1E2A-432A-A40A-5C64922D2C96}"
EndProject
Project("{FAE04EC0-301F-11D3-BF4B-00C04F79EFBC}") = "Tyuiu.RochevYA.Sprint3.Task2.V27", "Tyuiu.RochevYA.Sprint3.Task2.V27\Tyuiu.RochevYA.Sprint3.Task2.V27.csproj", "{F3D098B9-25E8-4C25-8C0D-023F17E2B9ED}"
EndProject
Project("{FAE04EC0-301F-11D3-BF4B-00C04F79EFBC}") = "Tyuiu.RochevYA.Sprint3.Task2.V27.Lib", "Tyuiu.RochevYA.Sprint3.Task2.V27.Lib\Tyuiu.RochevYA.Sprint3.Task2.V27.Lib.csproj", "{161662A0-15D5-462E-9D49-FCE37C6512F0}"
EndProject
Project("{FAE04EC0-301F-11D3-BF4B-00C04F79EFBC}") = "Tyuiu.RochevYA.Sprint3.Task2.V27.Test", "Tyuiu.RochevYA.Sprint3.Task2.V27.Test\Tyuiu.RochevYA.Sprint3.Task2.V27.Test.csproj", "{7F5FA7DB-0F19-463B-8AD4-15703FD5482C}"
EndProject
Global
	GlobalSection(SolutionConfigurationPlatforms) = preSolution
		Debug|Any CPU = Debug|Any CPU
		Release|Any CPU = Release|Any CPU
	EndGlobalSection
	GlobalSection(ProjectConfigurationPlatforms) = postSolution
		{8031225D-825A-4AFC-B62E-9E47DAEE82E8}.Debug|Any CPU.ActiveCfg = Debug|Any CPU
		{8031225D-825A-4AFC-B62E-9E47DAEE82E8}.Debug|Any CPU.Build.0 = Debug|Any CPU
		{8031225D-825A-4AFC-B62E-9E47DAEE82E8}.Release|Any CPU.ActiveCfg = Release|Any CPU
		{8031225D-825A-4AFC-B62E-9E47DAEE82E8}.Release|Any CPU.Build.0 = Release|Any CPU
		{23BEECC3-0260-4A01-886F-77A596466BC7}.Debug|Any CPU.ActiveCfg = Debug|Any CPU
		{23BEECC3-0260-4A01-886F-77A596466BC7}.Debug|Any CPU.Build.0 = Debug|Any CPU
		{23BEECC3-0260-4A01-886F-77A596466BC7}.Release|Any CPU.ActiveCfg = Release|Any CPU
		{23BEECC3-0260-4A01-886F-77A596466BC7}.Release|Any CPU.Build.0 = Release|Any CPU
		{A66864F4-6D64-404C-8726-23A91A5B6560}.Debug|Any CPU.ActiveCfg = Debug|Any CPU
		{A66864F4-6D64-404C-8726-23A91A5B6560}.Debug|Any CPU.Build.0 = Debug|Any CPU
		{A66864F4-6D64-404C-8726-23A91A5B6560}.Release|Any CPU.ActiveCfg = Release|Any CPU
		{A66864F4-6D64-404C-8726-23A91A5B6560}.Release|Any CPU.Build.0 = Release|Any CPU
		{1BDB8648-252C-4C6B-9E57-512B1C6B6EFA}.Debug|Any CPU.ActiveCfg = Debug|Any CPU
		{1BDB8648-252C-4C6B-9E57-512B1C6B6EFA}.Debug|Any CPU.Build.0 = Debug|Any CPU
		{1BDB8648-252C-4C6B-9E57-512B1C6B6EFA}.Release|Any CPU.ActiveCfg = Release|Any CPU
		{1BDB8648-252C-4C6B-9E57-512B1C6B6EFA}.Release|Any CPU.Build.0 = Release|Any CPU
		{FB163543-E2AF-46EC-95B0-3831A445D996}.Debug|Any CPU.ActiveCfg = Debug|Any CPU
		{FB163543-E2AF-46EC-95B0-3831A445D996}.Debug|Any CPU.Build.0 = Debug|Any CPU
		{FB163543-E2AF-46EC-95B0-3831A445D996}.Release|Any CPU.ActiveCfg = Release|Any CPU
		{FB163543-E2AF-46EC-95B0-3831A445D996}.Release|Any CPU.Build.0 = Release|Any CPU
		{6D8BBB39-1E2A-432A-A40A-5C64922D2C96}.Debug|Any CPU.ActiveCfg = Debug|Any CPU
		{6D8BBB39-1E2A-432A-A40A-5C64922D2C96}.Debug|Any CPU.Build.0 = Debug|Any CPU
		{6D8BBB39-1E2A-432A-A40A-5C64922D2C96}.Release|Any CPU.ActiveCfg = Release|Any CPU
		{6D8BBB39-1E2A-432A-A40A-5C64922D2C96}.Release|Any CPU.Build.0 = Release|Any CPU
		{F3D098B9-25E8-4C25-8C0D-023F17E2B9ED}.Debug|Any CPU.ActiveCfg = Debug|Any CPU
		{F3D098B9-25E8-4C25-8C0D-023F17E2B9ED}.Debug|Any CPU.Build.0 = Debug|Any CPU
		{F3D098B9-25E8-4C25-8C0D-023F17E2B9ED}.Release|Any CPU.ActiveCfg = Release|Any CPU
		{F3D098B9-25E8-4C25-8C0D-023F17E2B9ED}.Release|Any CPU.Build.0 = Release|Any CPU
		{161662A0-15D5-462E-9D49-FCE37C6512F0}.Debug|Any CPU.ActiveCfg = Debug|Any CPU
		{161662A0-15D5-462E-9D49-FCE37C6512F0}.Debug|Any CPU.Build.0 = Debug|Any CPU
		{161662A0-15D5-462E-9D49-FCE37C6512F0}.Release|Any CPU.ActiveCfg = Release|Any CPU
		{161662A0-15D5-462E-9D49-FCE37C6512F0}.Release|Any CPU.Build.0 = Release|Any CPU
		{7F5FA7DB-0F19-463B-8AD4-15703FD5482C}.Debug|Any CPU.ActiveCfg = Debug|Any CPU
		{7F5FA7DB-0F19-463B-8AD4-15703FD5482C}.Debug|Any CPU.Build.0 = Debug|Any CPU
		{7F5FA7DB-0F19-463B-8AD4-15703FD5482C}.Release|Any CPU.ActiveCfg = Release|Any CPU
		{7F5FA7DB-0F19-463B-8AD4-15703FD5482C}.Release|Any CPU.Build.0 = Release|Any CPU
	EndGlobalSection
	GlobalSection(SolutionProperties) = preSolution
		HideSolutionNode = FALSE
	EndGlobalSection
	GlobalSection(ExtensibilityGlobals) = postSolution
		SolutionGuid = {5EFE7630-62A3-44C2-BC4C-C6FE9A0F6484}
	EndGlobalSection
EndGlobal
