
Microsoft Visual Studio Solution File, Format Version 12.00
# Visual Studio Version 17
VisualStudioVersion = 17.14.36429.23 d17.14
MinimumVisualStudioVersion = 10.0.40219.1
Project("{FAE04EC0-301F-11D3-BF4B-00C04F79EFBC}") = "Tyuiu.RochevYA.Sprint3.Task0.V1", "Tyuiu.RochevYA.Sprint3.Task0.V1\Tyuiu.RochevYA.Sprint3.Task0.V1.csproj", "{8031225D-825A-4AFC-B62E-9E47DAEE82E8}"
EndProject
Project("{FAE04EC0-301F-11D3-BF4B-00C04F79EFBC}") = "Tyuiu.RochevYA.Sprint3.Task0.V1.Lib", "Tyuiu.RochevYA.Sprint3.Task0.V1.Lib\Tyuiu.RochevYA.Sprint3.Task0.V1.Lib.csproj", "{23BEECC3-0260-4A01-886F-77A596466BC7}"
EndProject
Project("{FAE04EC0-301F-11D3-BF4B-00C04F79EFBC}") = "Tyuiu.RochevYA.Sprint3.Task0.V1.Test", "Tyuiu.RochevYA.Sprint3.Task0.V1.Test\Tyuiu.RochevYA.Sprint3.Task0.V1.Test.csproj", "{A66864F4-6D64-404C-8726-23A91A5B6560}"
EndProject
Project("{FAE04EC0-301F-11D3-BF4B-00C04F79EFBC}") = "Tyuiu.RochevYA.Sprint3.Task1.V22", "Tyuiu.RochevYA.Sprint3.Task1.V22\Tyuiu.RochevYA.Sprint3.Task1.V22.csproj", "{1BDB8648-252C-4C6B-9E57-512B1C6B6EFA}"
EndProject
Project("{FAE04EC0-301F-11D3-BF4B-00C04F79EFBC}") = "Tyuiu.RochevYA.Sprint3.Task1.V22.Lib", "Tyuiu.RochevYA.Sprint3.Task1.V22.Lib\Tyuiu.RochevYA.Sprint3.Task1.V22.Lib.csproj", "{FB163543-E2AF-46EC-95B0-3831A445D996}"
EndProject
Project("{FAE04EC0-301F-11D3-BF4B-00C04F79EFBC}") = "Tyuiu.RochevYA.Sprint3.Task1.V22.Test", "Tyuiu.RochevYA.Sprint3.Task1.V22.Test\Tyuiu.RochevYA.Sprint3.Task1.V22.Test.csproj", "{6D8BBB39-1E2A-432A-A40A-5C64922D2C96}"
EndProject
Project("{FAE04EC0-301F-11D3-BF4B-00C04F79EFBC}") = "Tyuiu.RochevYA.Sprint3.Task2.V27", "Tyuiu.RochevYA.Sprint3.Task2.V27\Tyuiu.RochevYA.Sprint3.Task2.V27.csproj", "{F3D098B9-25E8-4C25-8C0D-023F17E2B9ED}"
EndProject
Project("{FAE04EC0-301F-11D3-BF4B-00C04F79EFBC}") = "Tyuiu.RochevYA.Sprint3.Task2.V27.Lib", "Tyuiu.RochevYA.Sprint3.Task2.V27.Lib\Tyuiu.RochevYA.Sprint3.Task2.V27.Lib.csproj", "{161662A0-15D5-462E-9D49-FCE37C6512F0}"
EndProject
Project("{FAE04EC0-301F-11D3-BF4B-00C04F79EFBC}") = "Tyuiu.RochevYA.Sprint3.Task2.V27.Test", "Tyuiu.RochevYA.Sprint3.Task2.V27.Test\Tyuiu.RochevYA.Sprint3.Task2.V27.Test.csproj", "{7F5FA7DB-0F19-463B-8AD4-15703FD5482C}"
EndProject
Project("{FAE04EC0-301F-11D3-BF4B-00C04F79EFBC}") = "Tyuiu.RochevYA.Sprint3.Task3.V26", "Tyuiu.RochevYA.Sprint3.Task3.V26\Tyuiu.RochevYA.Sprint3.Task3.V26.csproj", "{E9920870-97FF-411B-BDFC-79475A73E7C2}"
EndProject
Project("{FAE04EC0-301F-11D3-BF4B-00C04F79EFBC}") = "Tyuiu.RochevYA.Sprint3.Task3.V26.Lib", "Tyuiu.RochevYA.Sprint3.Task3.V26.Lib\Tyuiu.RochevYA.Sprint3.Task3.V26.Lib.csproj", "{35CC39B7-AAB6-44FB-B6BB-76879149B3FB}"
EndProject
Project("{FAE04EC0-301F-11D3-BF4B-00C04F79EFBC}") = "Tyuiu.RochevYA.Sprint3.Task3.V26.Test", "Tyuiu.RochevYA.Sprint3.Task3.V26.Test\Tyuiu.RochevYA.Sprint3.Task3.V26.Test.csproj", "{EE7FB5EE-BB9F-4BB9-A112-BD38F3A683EA}"
EndProject
Project("{FAE04EC0-301F-11D3-BF4B-00C04F79EFBC}") = "Tyuiu.RochevYA.Sprint3.Task4.V14", "Tyuiu.RochevYA.Sprint3.Task4.V14\Tyuiu.RochevYA.Sprint3.Task4.V14.csproj", "{7E22958F-150B-499E-84F1-5D1C98A83BF1}"
EndProject
Project("{FAE04EC0-301F-11D3-BF4B-00C04F79EFBC}") = "Tyuiu.RochevYA.Sprint3.Task4.V14.Lib", "Tyuiu.RochevYA.Sprint3.Task4.V14.Lib\Tyuiu.RochevYA.Sprint3.Task4.V14.Lib.csproj", "{D7CB802F-94D7-4E51-A1CA-EAE9D34C0016}"
EndProject
Project("{FAE04EC0-301F-11D3-BF4B-00C04F79EFBC}") = "Tyuiu.RochevYA.Sprint3.Task4.V14.Test", "Tyuiu.RochevYA.Sprint3.Task4.V14.Test\Tyuiu.RochevYA.Sprint3.Task4.V14.Test.csproj", "{E6E049E7-FB23-43BD-9EAA-8CF1840337A0}"
EndProject
Project("{FAE04EC0-301F-11D3-BF4B-00C04F79EFBC}") = "Tyuiu.RochevYA.Sprint3.Task5.V9", "Tyuiu.RochevYA.Sprint3.Task5.V9\Tyuiu.RochevYA.Sprint3.Task5.V9.csproj", "{DF81CBFD-6E72-41B3-969B-D502198F7CAE}"
EndProject
Project("{FAE04EC0-301F-11D3-BF4B-00C04F79EFBC}") = "Tyuiu.RochevYA.Sprint3.Task5.V9.Lib", "Tyuiu.RochevYA.Sprint3.Task5.V9.Lib\Tyuiu.RochevYA.Sprint3.Task5.V9.Lib.csproj", "{BA7595F0-5B4C-4B64-A8B4-2FEC715752DA}"
EndProject
Project("{FAE04EC0-301F-11D3-BF4B-00C04F79EFBC}") = "Tyuiu.RochevYA.Sprint3.Task5.V9.Test", "Tyuiu.RochevYA.Sprint3.Task5.V9.Test\Tyuiu.RochevYA.Sprint3.Task5.V9.Test.csproj", "{8B30894A-52E6-4361-8659-8FD00850F858}"
EndProject
Project("{FAE04EC0-301F-11D3-BF4B-00C04F79EFBC}") = "Tyuiu.RochevYA.Sprint3.Task6.V21", "Tyuiu.RochevYA.Sprint3.Task6.V21\Tyuiu.RochevYA.Sprint3.Task6.V21.csproj", "{FB9FCB73-417C-4D88-BC05-6DB7CA1B80E6}"
EndProject
Project("{FAE04EC0-301F-11D3-BF4B-00C04F79EFBC}") = "Tyuiu.RochevYA.Sprint3.Task6.V21.Lib", "Tyuiu.RochevYA.Sprint3.Task6.V21.Lib\Tyuiu.RochevYA.Sprint3.Task6.V21.Lib.csproj", "{0A018359-A9B5-4B5E-9E5A-3922C3DCE3DA}"
EndProject
Project("{FAE04EC0-301F-11D3-BF4B-00C04F79EFBC}") = "Tyuiu.RochevYA.Sprint3.Task6.V21.Test", "Tyuiu.RochevYA.Sprint3.Task6.V21.Test\Tyuiu.RochevYA.Sprint3.Task6.V21.Test.csproj", "{B15F1F40-C9F0-4938-A175-65BA7314EC32}"
EndProject
Global
	GlobalSection(SolutionConfigurationPlatforms) = preSolution
		Debug|Any CPU = Debug|Any CPU
		Release|Any CPU = Release|Any CPU
	EndGlobalSection
	GlobalSection(ProjectConfigurationPlatforms) = postSolution
		{8031225D-825A-4AFC-B62E-9E47DAEE82E8}.Debug|Any CPU.ActiveCfg = Debug|Any CPU
		{8031225D-825A-4AFC-B62E-9E47DAEE82E8}.Debug|Any CPU.Build.0 = Debug|Any CPU
		{8031225D-825A-4AFC-B62E-9E47DAEE82E8}.Release|Any CPU.ActiveCfg = Release|Any CPU
		{8031225D-825A-4AFC-B62E-9E47DAEE82E8}.Release|Any CPU.Build.0 = Release|Any CPU
		{23BEECC3-0260-4A01-886F-77A596466BC7}.Debug|Any CPU.ActiveCfg = Debug|Any CPU
		{23BEECC3-0260-4A01-886F-77A596466BC7}.Debug|Any CPU.Build.0 = Debug|Any CPU
		{23BEECC3-0260-4A01-886F-77A596466BC7}.Release|Any CPU.ActiveCfg = Release|Any CPU
		{23BEECC3-0260-4A01-886F-77A596466BC7}.Release|Any CPU.Build.0 = Release|Any CPU
		{A66864F4-6D64-404C-8726-23A91A5B6560}.Debug|Any CPU.ActiveCfg = Debug|Any CPU
		{A66864F4-6D64-404C-8726-23A91A5B6560}.Debug|Any CPU.Build.0 = Debug|Any CPU
		{A66864F4-6D64-404C-8726-23A91A5B6560}.Release|Any CPU.ActiveCfg = Release|Any CPU
		{A66864F4-6D64-404C-8726-23A91A5B6560}.Release|Any CPU.Build.0 = Release|Any CPU
		{1BDB8648-252C-4C6B-9E57-512B1C6B6EFA}.Debug|Any CPU.ActiveCfg = Debug|Any CPU
		{1BDB8648-252C-4C6B-9E57-512B1C6B6EFA}.Debug|Any CPU.Build.0 = Debug|Any CPU
		{1BDB8648-252C-4C6B-9E57-512B1C6B6EFA}.Release|Any CPU.ActiveCfg = Release|Any CPU
		{1BDB8648-252C-4C6B-9E57-512B1C6B6EFA}.Release|Any CPU.Build.0 = Release|Any CPU
		{FB163543-E2AF-46EC-95B0-3831A445D996}.Debug|Any CPU.ActiveCfg = Debug|Any CPU
		{FB163543-E2AF-46EC-95B0-3831A445D996}.Debug|Any CPU.Build.0 = Debug|Any CPU
		{FB163543-E2AF-46EC-95B0-3831A445D996}.Release|Any CPU.ActiveCfg = Release|Any CPU
		{FB163543-E2AF-46EC-95B0-3831A445D996}.Release|Any CPU.Build.0 = Release|Any CPU
		{6D8BBB39-1E2A-432A-A40A-5C64922D2C96}.Debug|Any CPU.ActiveCfg = Debug|Any CPU
		{6D8BBB39-1E2A-432A-A40A-5C64922D2C96}.Debug|Any CPU.Build.0 = Debug|Any CPU
		{6D8BBB39-1E2A-432A-A40A-5C64922D2C96}.Release|Any CPU.ActiveCfg = Release|Any CPU
		{6D8BBB39-1E2A-432A-A40A-5C64922D2C96}.Release|Any CPU.Build.0 = Release|Any CPU
		{F3D098B9-25E8-4C25-8C0D-023F17E2B9ED}.Debug|Any CPU.ActiveCfg = Debug|Any CPU
		{F3D098B9-25E8-4C25-8C0D-023F17E2B9ED}.Debug|Any CPU.Build.0 = Debug|Any CPU
		{F3D098B9-25E8-4C25-8C0D-023F17E2B9ED}.Release|Any CPU.ActiveCfg = Release|Any CPU
		{F3D098B9-25E8-4C25-8C0D-023F17E2B9ED}.Release|Any CPU.Build.0 = Release|Any CPU
		{161662A0-15D5-462E-9D49-FCE37C6512F0}.Debug|Any CPU.ActiveCfg = Debug|Any CPU
		{161662A0-15D5-462E-9D49-FCE37C6512F0}.Debug|Any CPU.Build.0 = Debug|Any CPU
		{161662A0-15D5-462E-9D49-FCE37C6512F0}.Release|Any CPU.ActiveCfg = Release|Any CPU
		{161662A0-15D5-462E-9D49-FCE37C6512F0}.Release|Any CPU.Build.0 = Release|Any CPU
		{7F5FA7DB-0F19-463B-8AD4-15703FD5482C}.Debug|Any CPU.ActiveCfg = Debug|Any CPU
		{7F5FA7DB-0F19-463B-8AD4-15703FD5482C}.Debug|Any CPU.Build.0 = Debug|Any CPU
		{7F5FA7DB-0F19-463B-8AD4-15703FD5482C}.Release|Any CPU.ActiveCfg = Release|Any CPU
		{7F5FA7DB-0F19-463B-8AD4-15703FD5482C}.Release|Any CPU.Build.0 = Release|Any CPU
		{E9920870-97FF-411B-BDFC-79475A73E7C2}.Debug|Any CPU.ActiveCfg = Debug|Any CPU
		{E9920870-97FF-411B-BDFC-79475A73E7C2}.Debug|Any CPU.Build.0 = Debug|Any CPU
		{E9920870-97FF-411B-BDFC-79475A73E7C2}.Release|Any CPU.ActiveCfg = Release|Any CPU
		{E9920870-97FF-411B-BDFC-79475A73E7C2}.Release|Any CPU.Build.0 = Release|Any CPU
		{35CC39B7-AAB6-44FB-B6BB-76879149B3FB}.Debug|Any CPU.ActiveCfg = Debug|Any CPU
		{35CC39B7-AAB6-44FB-B6BB-76879149B3FB}.Debug|Any CPU.Build.0 = Debug|Any CPU
		{35CC39B7-AAB6-44FB-B6BB-76879149B3FB}.Release|Any CPU.ActiveCfg = Release|Any CPU
		{35CC39B7-AAB6-44FB-B6BB-76879149B3FB}.Release|Any CPU.Build.0 = Release|Any CPU
		{EE7FB5EE-BB9F-4BB9-A112-BD38F3A683EA}.Debug|Any CPU.ActiveCfg = Debug|Any CPU
		{EE7FB5EE-BB9F-4BB9-A112-BD38F3A683EA}.Debug|Any CPU.Build.0 = Debug|Any CPU
		{EE7FB5EE-BB9F-4BB9-A112-BD38F3A683EA}.Release|Any CPU.ActiveCfg = Release|Any CPU
		{EE7FB5EE-BB9F-4BB9-A112-BD38F3A683EA}.Release|Any CPU.Build.0 = Release|Any CPU
		{7E22958F-150B-499E-84F1-5D1C98A83BF1}.Debug|Any CPU.ActiveCfg = Debug|Any CPU
		{7E22958F-150B-499E-84F1-5D1C98A83BF1}.Debug|Any CPU.Build.0 = Debug|Any CPU
		{7E22958F-150B-499E-84F1-5D1C98A83BF1}.Release|Any CPU.ActiveCfg = Release|Any CPU
		{7E22958F-150B-499E-84F1-5D1C98A83BF1}.Release|Any CPU.Build.0 = Release|Any CPU
		{D7CB802F-94D7-4E51-A1CA-EAE9D34C0016}.Debug|Any CPU.ActiveCfg = Debug|Any CPU
		{D7CB802F-94D7-4E51-A1CA-EAE9D34C0016}.Debug|Any CPU.Build.0 = Debug|Any CPU
		{D7CB802F-94D7-4E51-A1CA-EAE9D34C0016}.Release|Any CPU.ActiveCfg = Release|Any CPU
		{D7CB802F-94D7-4E51-A1CA-EAE9D34C0016}.Release|Any CPU.Build.0 = Release|Any CPU
		{E6E049E7-FB23-43BD-9EAA-8CF1840337A0}.Debug|Any CPU.ActiveCfg = Debug|Any CPU
		{E6E049E7-FB23-43BD-9EAA-8CF1840337A0}.Debug|Any CPU.Build.0 = Debug|Any CPU
		{E6E049E7-FB23-43BD-9EAA-8CF1840337A0}.Release|Any CPU.ActiveCfg = Release|Any CPU
		{E6E049E7-FB23-43BD-9EAA-8CF1840337A0}.Release|Any CPU.Build.0 = Release|Any CPU
		{DF81CBFD-6E72-41B3-969B-D502198F7CAE}.Debug|Any CPU.ActiveCfg = Debug|Any CPU
		{DF81CBFD-6E72-41B3-969B-D502198F7CAE}.Debug|Any CPU.Build.0 = Debug|Any CPU
		{DF81CBFD-6E72-41B3-969B-D502198F7CAE}.Release|Any CPU.ActiveCfg = Release|Any CPU
		{DF81CBFD-6E72-41B3-969B-D502198F7CAE}.Release|Any CPU.Build.0 = Release|Any CPU
		{BA7595F0-5B4C-4B64-A8B4-2FEC715752DA}.Debug|Any CPU.ActiveCfg = Debug|Any CPU
		{BA7595F0-5B4C-4B64-A8B4-2FEC715752DA}.Debug|Any CPU.Build.0 = Debug|Any CPU
		{BA7595F0-5B4C-4B64-A8B4-2FEC715752DA}.Release|Any CPU.ActiveCfg = Release|Any CPU
		{BA7595F0-5B4C-4B64-A8B4-2FEC715752DA}.Release|Any CPU.Build.0 = Release|Any CPU
		{8B30894A-52E6-4361-8659-8FD00850F858}.Debug|Any CPU.ActiveCfg = Debug|Any CPU
		{8B30894A-52E6-4361-8659-8FD00850F858}.Debug|Any CPU.Build.0 = Debug|Any CPU
		{8B30894A-52E6-4361-8659-8FD00850F858}.Release|Any CPU.ActiveCfg = Release|Any CPU
		{8B30894A-52E6-4361-8659-8FD00850F858}.Release|Any CPU.Build.0 = Release|Any CPU
		{FB9FCB73-417C-4D88-BC05-6DB7CA1B80E6}.Debug|Any CPU.ActiveCfg = Debug|Any CPU
		{FB9FCB73-417C-4D88-BC05-6DB7CA1B80E6}.Debug|Any CPU.Build.0 = Debug|Any CPU
		{FB9FCB73-417C-4D88-BC05-6DB7CA1B80E6}.Release|Any CPU.ActiveCfg = Release|Any CPU
		{FB9FCB73-417C-4D88-BC05-6DB7CA1B80E6}.Release|Any CPU.Build.0 = Release|Any CPU
		{0A018359-A9B5-4B5E-9E5A-3922C3DCE3DA}.Debug|Any CPU.ActiveCfg = Debug|Any CPU
		{0A018359-A9B5-4B5E-9E5A-3922C3DCE3DA}.Debug|Any CPU.Build.0 = Debug|Any CPU
		{0A018359-A9B5-4B5E-9E5A-3922C3DCE3DA}.Release|Any CPU.ActiveCfg = Release|Any CPU
		{0A018359-A9B5-4B5E-9E5A-3922C3DCE3DA}.Release|Any CPU.Build.0 = Release|Any CPU
		{B15F1F40-C9F0-4938-A175-65BA7314EC32}.Debug|Any CPU.ActiveCfg = Debug|Any CPU
		{B15F1F40-C9F0-4938-A175-65BA7314EC32}.Debug|Any CPU.Build.0 = Debug|Any CPU
		{B15F1F40-C9F0-4938-A175-65BA7314EC32}.Release|Any CPU.ActiveCfg = Release|Any CPU
		{B15F1F40-C9F0-4938-A175-65BA7314EC32}.Release|Any CPU.Build.0 = Release|Any CPU
	EndGlobalSection
	GlobalSection(SolutionProperties) = preSolution
		HideSolutionNode = FALSE
	EndGlobalSection
	GlobalSection(ExtensibilityGlobals) = postSolution
		SolutionGuid = {5EFE7630-62A3-44C2-BC4C-C6FE9A0F6484}
	EndGlobalSection
EndGlobal
